Microsoft Visual Studio Solution File, Format Version 12.00
# Visual Studio Version 17
VisualStudioVersion = 17.5.2.0
MinimumVisualStudioVersion = 10.0.40219.1
Project("{FAE04EC0-301F-11D3-BF4B-00C04F79EFBC}") = "EduClockPlus", "EduClockPlus.csproj", "{B55F87DD-94E0-1406-05D6-384B4C5EEA15}"
EndProject
Global
	GlobalSection(SolutionConfigurationPlatforms) = preSolution
		Debug|Any CPU = Debug|Any CPU
		Release|Any CPU = Release|Any CPU
	EndGlobalSection
	GlobalSection(ProjectConfigurationPlatforms) = postSolution
		{B55F87DD-94E0-1406-05D6-384B4C5EEA15}.Debug|Any CPU.ActiveCfg = Debug|Any CPU
		{B55F87DD-94E0-1406-05D6-384B4C5EEA15}.Debug|Any CPU.Build.0 = Debug|Any CPU
		{B55F87DD-94E0-1406-05D6-384B4C5EEA15}.Release|Any CPU.ActiveCfg = Release|Any CPU
		{B55F87DD-94E0-1406-05D6-384B4C5EEA15}.Release|Any CPU.Build.0 = Release|Any CPU
	EndGlobalSection
	GlobalSection(SolutionProperties) = preSolution
		HideSolutionNode = FALSE
	EndGlobalSection
	GlobalSection(ExtensibilityGlobals) = postSolution
		SolutionGuid = {631A4496-2529-40D1-864A-053F401FF720}
	EndGlobalSection
EndGlobal
